
Microsoft Visual Studio Solution File, Format Version 12.00
# Visual Studio Version 16
VisualStudioVersion = 16.0.32106.194
MinimumVisualStudioVersion = 10.0.40219.1
Project("{FAE04EC0-301F-11D3-BF4B-00C04F79EFBC}") = "Draw", "Draw\Draw.csproj", "{E14BA7E8-2A2C-4060-97C5-05D6974FAA0B}"
EndProject
Global
	GlobalSection(SolutionConfigurationPlatforms) = preSolution
		Debug|Any CPU = Debug|Any CPU
		Release|Any CPU = Release|Any CPU
	EndGlobalSection
	GlobalSection(ProjectConfigurationPlatforms) = postSolution
		{E14BA7E8-2A2C-4060-97C5-05D6974FAA0B}.Debug|Any CPU.ActiveCfg = Debug|Any CPU
		{E14BA7E8-2A2C-4060-97C5-05D6974FAA0B}.Debug|Any CPU.Build.0 = Debug|Any CPU
		{E14BA7E8-2A2C-4060-97C5-05D6974FAA0B}.Release|Any CPU.ActiveCfg = Release|Any CPU
		{E14BA7E8-2A2C-4060-97C5-05D6974FAA0B}.Release|Any CPU.Build.0 = Release|Any CPU
	EndGlobalSection
	GlobalSection(SolutionProperties) = preSolution
		HideSolutionNode = FALSE
	EndGlobalSection
	GlobalSection(ExtensibilityGlobals) = postSolution
		SolutionGuid = {CDE523D5-00E2-45C3-8B04-99CD06F2FE80}
	EndGlobalSection
EndGlobal
