
Microsoft Visual Studio Solution File, Format Version 12.00
# Visual Studio 15
VisualStudioVersion = 15.0.27130.2036
MinimumVisualStudioVersion = 10.0.40219.1
Project("{FAE04EC0-301F-11D3-BF4B-00C04F79EFBC}") = "IntCalculator", "IntCalculator\IntCalculator.csproj", "{DB3BCC26-A8BD-4037-85B3-013E1C277FF6}"
EndProject
Global
	GlobalSection(SolutionConfigurationPlatforms) = preSolution
		Debug|Any CPU = Debug|Any CPU
		Release|Any CPU = Release|Any CPU
	EndGlobalSection
	GlobalSection(ProjectConfigurationPlatforms) = postSolution
		{DB3BCC26-A8BD-4037-85B3-013E1C277FF6}.Debug|Any CPU.ActiveCfg = Debug|Any CPU
		{DB3BCC26-A8BD-4037-85B3-013E1C277FF6}.Debug|Any CPU.Build.0 = Debug|Any CPU
		{DB3BCC26-A8BD-4037-85B3-013E1C277FF6}.Release|Any CPU.ActiveCfg = Release|Any CPU
		{DB3BCC26-A8BD-4037-85B3-013E1C277FF6}.Release|Any CPU.Build.0 = Release|Any CPU
	EndGlobalSection
	GlobalSection(SolutionProperties) = preSolution
		HideSolutionNode = FALSE
	EndGlobalSection
	GlobalSection(ExtensibilityGlobals) = postSolution
		SolutionGuid = {D8F9587C-A01F-4570-A069-0BF13B6B434F}
	EndGlobalSection
EndGlobal
